
Microsoft Visual Studio Solution File, Format Version 12.00
# Visual Studio Version 17
VisualStudioVersion = 17.11.35431.28
MinimumVisualStudioVersion = 10.0.40219.1
Project("{FAE04EC0-301F-11D3-BF4B-00C04F79EFBC}") = "ClassLibrary1", "ClassLibrary1\ClassLibrary1.csproj", "{74EF8183-6DD7-4ABB-956E-76E011F63218}"
EndProject
Project("{FAE04EC0-301F-11D3-BF4B-00C04F79EFBC}") = "ConsoleApp1", "ConsoleApp1\ConsoleApp1.csproj", "{28167B3D-EB11-48C1-80FE-EED5701C1046}"
EndProject
Global
	GlobalSection(SolutionConfigurationPlatforms) = preSolution
		Debug|Any CPU = Debug|Any CPU
		Release|Any CPU = Release|Any CPU
	EndGlobalSection
	GlobalSection(ProjectConfigurationPlatforms) = postSolution
		{74EF8183-6DD7-4ABB-956E-76E011F63218}.Debug|Any CPU.ActiveCfg = Debug|Any CPU
		{74EF8183-6DD7-4ABB-956E-76E011F63218}.Debug|Any CPU.Build.0 = Debug|Any CPU
		{74EF8183-6DD7-4ABB-956E-76E011F63218}.Release|Any CPU.ActiveCfg = Release|Any CPU
		{74EF8183-6DD7-4ABB-956E-76E011F63218}.Release|Any CPU.Build.0 = Release|Any CPU
		{28167B3D-EB11-48C1-80FE-EED5701C1046}.Debug|Any CPU.ActiveCfg = Debug|Any CPU
		{28167B3D-EB11-48C1-80FE-EED5701C1046}.Debug|Any CPU.Build.0 = Debug|Any CPU
		{28167B3D-EB11-48C1-80FE-EED5701C1046}.Release|Any CPU.ActiveCfg = Release|Any CPU
		{28167B3D-EB11-48C1-80FE-EED5701C1046}.Release|Any CPU.Build.0 = Release|Any CPU
	EndGlobalSection
	GlobalSection(SolutionProperties) = preSolution
		HideSolutionNode = FALSE
	EndGlobalSection
	GlobalSection(ExtensibilityGlobals) = postSolution
		SolutionGuid = {3A60EB17-4980-4FB6-BA21-E9A062E7D656}
	EndGlobalSection
EndGlobal
